
Microsoft Visual Studio Solution File, Format Version 12.00
# Visual Studio Version 16
VisualStudioVersion = 16.0.30711.63
MinimumVisualStudioVersion = 10.0.40219.1
Project("{FAE04EC0-301F-11D3-BF4B-00C04F79EFBC}") = "1pract", "1pract\1pract.csproj", "{128BBB8A-53B4-4EEA-8959-194302FD416F}"
EndProject
Project("{FAE04EC0-301F-11D3-BF4B-00C04F79EFBC}") = "UnitTestProject", "UnitTestProject\UnitTestProject.csproj", "{4C3F3C48-7BDE-4200-9FA2-9B7985962FD1}"
EndProject
Global
	GlobalSection(SolutionConfigurationPlatforms) = preSolution
		Debug|Any CPU = Debug|Any CPU
		Release|Any CPU = Release|Any CPU
	EndGlobalSection
	GlobalSection(ProjectConfigurationPlatforms) = postSolution
		{128BBB8A-53B4-4EEA-8959-194302FD416F}.Debug|Any CPU.ActiveCfg = Debug|Any CPU
		{128BBB8A-53B4-4EEA-8959-194302FD416F}.Debug|Any CPU.Build.0 = Debug|Any CPU
		{128BBB8A-53B4-4EEA-8959-194302FD416F}.Release|Any CPU.ActiveCfg = Release|Any CPU
		{128BBB8A-53B4-4EEA-8959-194302FD416F}.Release|Any CPU.Build.0 = Release|Any CPU
		{4C3F3C48-7BDE-4200-9FA2-9B7985962FD1}.Debug|Any CPU.ActiveCfg = Debug|Any CPU
		{4C3F3C48-7BDE-4200-9FA2-9B7985962FD1}.Debug|Any CPU.Build.0 = Debug|Any CPU
		{4C3F3C48-7BDE-4200-9FA2-9B7985962FD1}.Release|Any CPU.ActiveCfg = Release|Any CPU
		{4C3F3C48-7BDE-4200-9FA2-9B7985962FD1}.Release|Any CPU.Build.0 = Release|Any CPU
	EndGlobalSection
	GlobalSection(SolutionProperties) = preSolution
		HideSolutionNode = FALSE
	EndGlobalSection
	GlobalSection(ExtensibilityGlobals) = postSolution
		SolutionGuid = {9EA6B816-A0EC-43DF-9827-160A29085906}
	EndGlobalSection
EndGlobal
